
Microsoft Visual Studio Solution File, Format Version 12.00
# Visual Studio Version 17
VisualStudioVersion = 17.5.2.0
MinimumVisualStudioVersion = 10.0.40219.1
Project("{FAE04EC0-301F-11D3-BF4B-00C04F79EFBC}") = "GameLibrary", "GameLibrary\GameLibrary.csproj", "{46BD33CD-B7BC-2E1C-47DD-BF3EDD3DEDC5}"
EndProject
Project("{FAE04EC0-301F-11D3-BF4B-00C04F79EFBC}") = "GameLibrary.Tests", "GameLibrary.Tests\GameLibrary.Tests.csproj", "{B7C11C83-03F5-4AD2-8D20-2795F4892A8E}"
EndProject
Global
	GlobalSection(SolutionConfigurationPlatforms) = preSolution
		Debug|Any CPU = Debug|Any CPU
		Debug|x64 = Debug|x64
		Debug|x86 = Debug|x86
		Release|Any CPU = Release|Any CPU
		Release|x64 = Release|x64
		Release|x86 = Release|x86
	EndGlobalSection
	GlobalSection(ProjectConfigurationPlatforms) = postSolution
		{46BD33CD-B7BC-2E1C-47DD-BF3EDD3DEDC5}.Debug|Any CPU.ActiveCfg = Debug|Any CPU
		{46BD33CD-B7BC-2E1C-47DD-BF3EDD3DEDC5}.Debug|Any CPU.Build.0 = Debug|Any CPU
		{46BD33CD-B7BC-2E1C-47DD-BF3EDD3DEDC5}.Debug|x64.ActiveCfg = Debug|Any CPU
		{46BD33CD-B7BC-2E1C-47DD-BF3EDD3DEDC5}.Debug|x64.Build.0 = Debug|Any CPU
		{46BD33CD-B7BC-2E1C-47DD-BF3EDD3DEDC5}.Debug|x86.ActiveCfg = Debug|Any CPU
		{46BD33CD-B7BC-2E1C-47DD-BF3EDD3DEDC5}.Debug|x86.Build.0 = Debug|Any CPU
		{46BD33CD-B7BC-2E1C-47DD-BF3EDD3DEDC5}.Release|Any CPU.ActiveCfg = Release|Any CPU
		{46BD33CD-B7BC-2E1C-47DD-BF3EDD3DEDC5}.Release|Any CPU.Build.0 = Release|Any CPU
		{46BD33CD-B7BC-2E1C-47DD-BF3EDD3DEDC5}.Release|x64.ActiveCfg = Release|Any CPU
		{46BD33CD-B7BC-2E1C-47DD-BF3EDD3DEDC5}.Release|x64.Build.0 = Release|Any CPU
		{46BD33CD-B7BC-2E1C-47DD-BF3EDD3DEDC5}.Release|x86.ActiveCfg = Release|Any CPU
		{46BD33CD-B7BC-2E1C-47DD-BF3EDD3DEDC5}.Release|x86.Build.0 = Release|Any CPU
		{B7C11C83-03F5-4AD2-8D20-2795F4892A8E}.Debug|Any CPU.ActiveCfg = Debug|Any CPU
		{B7C11C83-03F5-4AD2-8D20-2795F4892A8E}.Debug|Any CPU.Build.0 = Debug|Any CPU
		{B7C11C83-03F5-4AD2-8D20-2795F4892A8E}.Debug|x64.ActiveCfg = Debug|Any CPU
		{B7C11C83-03F5-4AD2-8D20-2795F4892A8E}.Debug|x64.Build.0 = Debug|Any CPU
		{B7C11C83-03F5-4AD2-8D20-2795F4892A8E}.Debug|x86.ActiveCfg = Debug|Any CPU
		{B7C11C83-03F5-4AD2-8D20-2795F4892A8E}.Debug|x86.Build.0 = Debug|Any CPU
		{B7C11C83-03F5-4AD2-8D20-2795F4892A8E}.Release|Any CPU.ActiveCfg = Release|Any CPU
		{B7C11C83-03F5-4AD2-8D20-2795F4892A8E}.Release|Any CPU.Build.0 = Release|Any CPU
		{B7C11C83-03F5-4AD2-8D20-2795F4892A8E}.Release|x64.ActiveCfg = Release|Any CPU
		{B7C11C83-03F5-4AD2-8D20-2795F4892A8E}.Release|x64.Build.0 = Release|Any CPU
		{B7C11C83-03F5-4AD2-8D20-2795F4892A8E}.Release|x86.ActiveCfg = Release|Any CPU
		{B7C11C83-03F5-4AD2-8D20-2795F4892A8E}.Release|x86.Build.0 = Release|Any CPU
	EndGlobalSection
	GlobalSection(SolutionProperties) = preSolution
		HideSolutionNode = FALSE
	EndGlobalSection
	GlobalSection(ExtensibilityGlobals) = postSolution
		SolutionGuid = {C84E479A-7BDA-43B4-B959-014F33AF55EC}
	EndGlobalSection
EndGlobal
